
Microsoft Visual Studio Solution File, Format Version 12.00
# Visual Studio 2012
Project("{FAE04EC0-301F-11D3-BF4B-00C04F79EFBC}") = "iOSSlidingMenu", "iOSSlidingMenu\iOSSlidingMenu.csproj", "{621B747C-4C7C-4FD5-8EC8-3EE76533B479}"
EndProject
Global
	GlobalSection(SolutionConfigurationPlatforms) = preSolution
		Debug|iPhoneSimulator = Debug|iPhoneSimulator
		Release|iPhone = Release|iPhone
		Release|iPhoneSimulator = Release|iPhoneSimulator
		Debug|iPhone = Debug|iPhone
		Debug|Any CPU = Debug|Any CPU
		Release|Any CPU = Release|Any CPU
	EndGlobalSection
	GlobalSection(ProjectConfigurationPlatforms) = postSolution
		{621B747C-4C7C-4FD5-8EC8-3EE76533B479}.Debug|Any CPU.ActiveCfg = Debug|iPhoneSimulator
		{621B747C-4C7C-4FD5-8EC8-3EE76533B479}.Debug|Any CPU.Build.0 = Debug|iPhoneSimulator
		{621B747C-4C7C-4FD5-8EC8-3EE76533B479}.Debug|iPhone.ActiveCfg = Debug|iPhone
		{621B747C-4C7C-4FD5-8EC8-3EE76533B479}.Debug|iPhone.Build.0 = Debug|iPhone
		{621B747C-4C7C-4FD5-8EC8-3EE76533B479}.Debug|iPhoneSimulator.ActiveCfg = Debug|iPhoneSimulator
		{621B747C-4C7C-4FD5-8EC8-3EE76533B479}.Debug|iPhoneSimulator.Build.0 = Debug|iPhoneSimulator
		{621B747C-4C7C-4FD5-8EC8-3EE76533B479}.Release|Any CPU.ActiveCfg = Release|iPhone
		{621B747C-4C7C-4FD5-8EC8-3EE76533B479}.Release|Any CPU.Build.0 = Release|iPhone
		{621B747C-4C7C-4FD5-8EC8-3EE76533B479}.Release|iPhone.ActiveCfg = Release|iPhone
		{621B747C-4C7C-4FD5-8EC8-3EE76533B479}.Release|iPhone.Build.0 = Release|iPhone
		{621B747C-4C7C-4FD5-8EC8-3EE76533B479}.Release|iPhoneSimulator.ActiveCfg = Release|iPhoneSimulator
		{621B747C-4C7C-4FD5-8EC8-3EE76533B479}.Release|iPhoneSimulator.Build.0 = Release|iPhoneSimulator
	EndGlobalSection
EndGlobal
